// !$*UTF8*$!
{
	archiveVersion = 1;
	classes = {
	};
	objectVersion = 55;
	objects = {

/* Begin PBXBuildFile section */
		3D1F16CA28314BE9008554A1 /* UILabelExtension.swift in Sources */ = {isa = PBXBuildFile; fileRef = 3D1F16C928314BE8008554A1 /* UILabelExtension.swift */; };
		3DB5D8C7282833ED000170AD /* AppDelegate.swift in Sources */ = {isa = PBXBuildFile; fileRef = 3DB5D8C6282833ED000170AD /* AppDelegate.swift */; };
		3DB5D8C9282833ED000170AD /* SceneDelegate.swift in Sources */ = {isa = PBXBuildFile; fileRef = 3DB5D8C8282833ED000170AD /* SceneDelegate.swift */; };
		3DB5D8CB282833ED000170AD /* ViewController.swift in Sources */ = {isa = PBXBuildFile; fileRef = 3DB5D8CA282833ED000170AD /* ViewController.swift */; };
		3DB5D8CE282833ED000170AD /* Main.storyboard in Resources */ = {isa = PBXBuildFile; fileRef = 3DB5D8CC282833ED000170AD /* Main.storyboard */; };
		3DB5D8D0282833EE000170AD /* Assets.xcassets in Resources */ = {isa = PBXBuildFile; fileRef = 3DB5D8CF282833EE000170AD /* Assets.xcassets */; };
		3DB5D8D3282833EE000170AD /* LaunchScreen.storyboard in Resources */ = {isa = PBXBuildFile; fileRef = 3DB5D8D1282833EE000170AD /* LaunchScreen.storyboard */; };
		3DB5D8DB28283437000170AD /* UITextFieldExtension.swift in Sources */ = {isa = PBXBuildFile; fileRef = 3DB5D8DA28283437000170AD /* UITextFieldExtension.swift */; };
		3DB5D8DD2828356F000170AD /* UIViewextension.swift in Sources */ = {isa = PBXBuildFile; fileRef = 3DB5D8DC2828356F000170AD /* UIViewextension.swift */; };
/* End PBXBuildFile section */

/* Begin PBXFileReference section */
		3D1F16C928314BE8008554A1 /* UILabelExtension.swift */ = {isa = PBXFileReference; lastKnownFileType = sourcecode.swift; path = UILabelExtension.swift; sourceTree = "<group>"; };
		3DB5D8C3282833ED000170AD /* GitDemo.app */ = {isa = PBXFileReference; explicitFileType = wrapper.application; includeInIndex = 0; path = GitDemo.app; sourceTree = BUILT_PRODUCTS_DIR; };
		3DB5D8C6282833ED000170AD /* AppDelegate.swift */ = {isa = PBXFileReference; lastKnownFileType = sourcecode.swift; path = AppDelegate.swift; sourceTree = "<group>"; };
		3DB5D8C8282833ED000170AD /* SceneDelegate.swift */ = {isa = PBXFileReference; lastKnownFileType = sourcecode.swift; path = SceneDelegate.swift; sourceTree = "<group>"; };
		3DB5D8CA282833ED000170AD /* ViewController.swift */ = {isa = PBXFileReference; lastKnownFileType = sourcecode.swift; path = ViewController.swift; sourceTree = "<group>"; };
		3DB5D8CD282833ED000170AD /* Base */ = {isa = PBXFileReference; lastKnownFileType = file.storyboard; name = Base; path = Base.lproj/Main.storyboard; sourceTree = "<group>"; };
		3DB5D8CF282833EE000170AD /* Assets.xcassets */ = {isa = PBXFileReference; lastKnownFileType = folder.assetcatalog; path = Assets.xcassets; sourceTree = "<group>"; };
		3DB5D8D2282833EE000170AD /* Base */ = {isa = PBXFileReference; lastKnownFileType = file.storyboard; name = Base; path = Base.lproj/LaunchScreen.storyboard; sourceTree = "<group>"; };
		3DB5D8D4282833EE000170AD /* Info.plist */ = {isa = PBXFileReference; lastKnownFileType = text.plist.xml; path = Info.plist; sourceTree = "<group>"; };
		3DB5D8DA28283437000170AD /* UITextFieldExtension.swift */ = {isa = PBXFileReference; lastKnownFileType = sourcecode.swift; path = UITextFieldExtension.swift; sourceTree = "<group>"; };
		3DB5D8DC2828356F000170AD /* UIViewextension.swift */ = {isa = PBXFileReference; lastKnownFileType = sourcecode.swift; path = UIViewextension.swift; sourceTree = "<group>"; };
/* End PBXFileReference section */

/* Begin PBXFrameworksBuildPhase section */
		3DB5D8C0282833ED000170AD /* Frameworks */ = {
			isa = PBXFrameworksBuildPhase;
			buildActionMask = 2147483647;
			files = (
			);
			runOnlyForDeploymentPostprocessing = 0;
		};
/* End PBXFrameworksBuildPhase section */

/* Begin PBXGroup section */
		3DB5D8BA282833ED000170AD = {
			isa = PBXGroup;
			children = (
				3DB5D8C5282833ED000170AD /* GitDemo */,
				3DB5D8C4282833ED000170AD /* Products */,
			);
			sourceTree = "<group>";
		};
		3DB5D8C4282833ED000170AD /* Products */ = {
			isa = PBXGroup;
			children = (
				3DB5D8C3282833ED000170AD /* GitDemo.app */,
			);
			name = Products;
			sourceTree = "<group>";
		};
		3DB5D8C5282833ED000170AD /* GitDemo */ = {
			isa = PBXGroup;
			children = (
				3DB5D8C6282833ED000170AD /* AppDelegate.swift */,
				3DB5D8C8282833ED000170AD /* SceneDelegate.swift */,
				3DB5D8CA282833ED000170AD /* ViewController.swift */,
				3DB5D8CC282833ED000170AD /* Main.storyboard */,
				3DB5D8CF282833EE000170AD /* Assets.xcassets */,
				3DB5D8D1282833EE000170AD /* LaunchScreen.storyboard */,
				3DB5D8D4282833EE000170AD /* Info.plist */,
				3DB5D8DA28283437000170AD /* UITextFieldExtension.swift */,
				3DB5D8DC2828356F000170AD /* UIViewextension.swift */,
				3D1F16C928314BE8008554A1 /* UILabelExtension.swift */,
			);
			path = GitDemo;
			sourceTree = "<group>";
		};
/* End PBXGroup section */

/* Begin PBXNativeTarget section */
		3DB5D8C2282833ED000170AD /* GitDemo */ = {
			isa = PBXNativeTarget;
			buildConfigurationList = 3DB5D8D7282833EE000170AD /* Build configuration list for PBXNativeTarget "GitDemo" */;
			buildPhases = (
				3DB5D8BF282833ED000170AD /* Sources */,
				3DB5D8C0282833ED000170AD /* Frameworks */,
				3DB5D8C1282833ED000170AD /* Resources */,
			);
			buildRules = (
			);
			dependencies = (
			);
			name = GitDemo;
			productName = GitDemo;
			productReference = 3DB5D8C3282833ED000170AD /* GitDemo.app */;
			productType = "com.apple.product-type.application";
		};
/* End PBXNativeTarget section */

/* Begin PBXProject section */
		3DB5D8BB282833ED000170AD /* Project object */ = {
			isa = PBXProject;
			attributes = {
				BuildIndependentTargetsInParallel = 1;
				LastSwiftUpdateCheck = 1300;
				LastUpgradeCheck = 1300;
				TargetAttributes = {
					3DB5D8C2282833ED000170AD = {
						CreatedOnToolsVersion = 13.0;
					};
				};
			};
			buildConfigurationList = 3DB5D8BE282833ED000170AD /* Build configuration list for PBXProject "GitDemo" */;
			compatibilityVersion = "Xcode 13.0";
			developmentRegion = en;
			hasScannedForEncodings = 0;
			knownRegions = (
				en,
				Base,
			);
			mainGroup = 3DB5D8BA282833ED000170AD;
			productRefGroup = 3DB5D8C4282833ED000170AD /* Products */;
			projectDirPath = "";
			projectRoot = "";
			targets = (
				3DB5D8C2282833ED000170AD /* GitDemo */,
			);
		};
/* End PBXProject section */

/* Begin PBXResourcesBuildPhase section */
		3DB5D8C1282833ED000170AD /* Resources */ = {
			isa = PBXResourcesBuildPhase;
			buildActionMask = 2147483647;
			files = (
				3DB5D8D3282833EE000170AD /* LaunchScreen.storyboard in Resources */,
				3DB5D8D0282833EE000170AD /* Assets.xcassets in Resources */,
				3DB5D8CE282833ED000170AD /* Main.storyboard in Resources */,
			);
			runOnlyForDeploymentPostprocessing = 0;
		};
/* End PBXResourcesBuildPhase section */

/* Begin PBXSourcesBuildPhase section */
		3DB5D8BF282833ED000170AD /* Sources */ = {
			isa = PBXSourcesBuildPhase;
			buildActionMask = 2147483647;
			files = (
				3DB5D8CB282833ED000170AD /* ViewController.swift in Sources */,
				3DB5D8DD2828356F000170AD /* UIViewextension.swift in Sources */,
				3DB5D8DB28283437000170AD /* UITextFieldExtension.swift in Sources */,
				3DB5D8C7282833ED000170AD /* AppDelegate.swift in Sources */,
				3D1F16CA28314BE9008554A1 /* UILabelExtension.swift in Sources */,
				3DB5D8C9282833ED000170AD /* SceneDelegate.swift in Sources */,
			);
			runOnlyForDeploymentPostprocessing = 0;
		};
/* End PBXSourcesBuildPhase section */

/* Begin PBXVariantGroup section */
		3DB5D8CC282833ED000170AD /* Main.storyboard */ = {
			isa = PBXVariantGroup;
			children = (
				3DB5D8CD282833ED000170AD /* Base */,
			);
			name = Main.storyboard;
			sourceTree = "<group>";
		};
		3DB5D8D1282833EE000170AD /* LaunchScreen.storyboard */ = {
			isa = PBXVariantGroup;
			children = (
				3DB5D8D2282833EE000170AD /* Base */,
			);
			name = LaunchScreen.storyboard;
			sourceTree = "<group>";
		};
/* End PBXVariantGroup section */

/* Begin XCBuildConfiguration section */
		3DB5D8D5282833EE000170AD /* Debug */ = {
			isa = XCBuildConfiguration;
			buildSettings = {
				ALWAYS_SEARCH_USER_PATHS = NO;
				CLANG_ANALYZER_NONNULL = YES;
				CLANG_ANALYZER_NUMBER_OBJECT_CONVERSION = YES_AGGRESSIVE;
				CLANG_CXX_LANGUAGE_STANDARD = "gnu++17";
				CLANG_CXX_LIBRARY = "libc++";
				CLANG_ENABLE_MODULES = YES;
				CLANG_ENABLE_OBJC_ARC = YES;
				CLANG_ENABLE_OBJC_WEAK = YES;
				CLANG_WARN_BLOCK_CAPTURE_AUTORELEASING = YES;
				CLANG_WARN_BOOL_CONVERSION = YES;
				CLANG_WARN_COMMA = YES;
				CLANG_WARN_CONSTANT_CONVERSION = YES;
				CLANG_WARN_DEPRECATED_OBJC_IMPLEMENTATIONS = YES;
				CLANG_WARN_DIRECT_OBJC_ISA_USAGE = YES_ERROR;
				CLANG_WARN_DOCUMENTATION_COMMENTS = YES;
				CLANG_WARN_EMPTY_BODY = YES;
				CLANG_WARN_ENUM_CONVERSION = YES;
				CLANG_WARN_INFINITE_RECURSION = YES;
				CLANG_WARN_INT_CONVERSION = YES;
				CLANG_WARN_NON_LITERAL_NULL_CONVERSION = YES;
				CLANG_WARN_OBJC_IMPLICIT_RETAIN_SELF = YES;
				CLANG_WARN_OBJC_LITERAL_CONVERSION = YES;
				CLANG_WARN_OBJC_ROOT_CLASS = YES_ERROR;
				CLANG_WARN_QUOTED_INCLUDE_IN_FRAMEWORK_HEADER = YES;
				CLANG_WARN_RANGE_LOOP_ANALYSIS = YES;
				CLANG_WARN_STRICT_PROTOTYPES = YES;
				CLANG_WARN_SUSPICIOUS_MOVE = YES;
				CLANG_WARN_UNGUARDED_AVAILABILITY = YES_AGGRESSIVE;
				CLANG_WARN_UNREACHABLE_CODE = YES;
				CLANG_WARN__DUPLICATE_METHOD_MATCH = YES;
				COPY_PHASE_STRIP = NO;
				DEBUG_INFORMATION_FORMAT = dwarf;
				ENABLE_STRICT_OBJC_MSGSEND = YES;
				ENABLE_TESTABILITY = YES;
				GCC_C_LANGUAGE_STANDARD = gnu11;
				GCC_DYNAMIC_NO_PIC = NO;
				GCC_NO_COMMON_BLOCKS = YES;
				GCC_OPTIMIZATION_LEVEL = 0;
				GCC_PREPROCESSOR_DEFINITIONS = (
					"DEBUG=1",
					"$(inherited)",
				);
				GCC_WARN_64_TO_32_BIT_CONVERSION = YES;
				GCC_WARN_ABOUT_RETURN_TYPE = YES_ERROR;
				GCC_WARN_UNDECLARED_SELECTOR = YES;
				GCC_WARN_UNINITIALIZED_AUTOS = YES_AGGRESSIVE;
				GCC_WARN_UNUSED_FUNCTION = YES;
				GCC_WARN_UNUSED_VARIABLE = YES;
				IPHONEOS_DEPLOYMENT_TARGET = 15.0;
				MTL_ENABLE_DEBUG_INFO = INCLUDE_SOURCE;
				MTL_FAST_MATH = YES;
				ONLY_ACTIVE_ARCH = YES;
				SDKROOT = iphoneos;
				SWIFT_ACTIVE_COMPILATION_CONDITIONS = DEBUG;
				SWIFT_OPTIMIZATION_LEVEL = "-Onone";
			};
			name = Debug;
		};
		3DB5D8D6282833EE000170AD /* Release */ = {
			isa = XCBuildConfiguration;
			buildSettings = {
				ALWAYS_SEARCH_USER_PATHS = NO;
				CLANG_ANALYZER_NONNULL = YES;
				CLANG_ANALYZER_NUMBER_OBJECT_CONVERSION = YES_AGGRESSIVE;
				CLANG_CXX_LANGUAGE_STANDARD = "gnu++17";
				CLANG_CXX_LIBRARY = "libc++";
				CLANG_ENABLE_MODULES = YES;
				CLANG_ENABLE_OBJC_ARC = YES;
				CLANG_ENABLE_OBJC_WEAK = YES;
				CLANG_WARN_BLOCK_CAPTURE_AUTORELEASING = YES;
				CLANG_WARN_BOOL_CONVERSION = YES;
				CLANG_WARN_COMMA = YES;
				CLANG_WARN_CONSTANT_CONVERSION = YES;
				CLANG_WARN_DEPRECATED_OBJC_IMPLEMENTATIONS = YES;
				CLANG_WARN_DIRECT_OBJC_ISA_USAGE = YES_ERROR;
				CLANG_WARN_DOCUMENTATION_COMMENTS = YES;
				CLANG_WARN_EMPTY_BODY = YES;
				CLANG_WARN_ENUM_CONVERSION = YES;
				CLANG_WARN_INFINITE_RECURSION = YES;
				CLANG_WARN_INT_CONVERSION = YES;
				CLANG_WARN_NON_LITERAL_NULL_CONVERSION = YES;
				CLANG_WARN_OBJC_IMPLICIT_RETAIN_SELF = YES;
				CLANG_WARN_OBJC_LITERAL_CONVERSION = YES;
				CLANG_WARN_OBJC_ROOT_CLASS = YES_ERROR;
				CLANG_WARN_QUOTED_INCLUDE_IN_FRAMEWORK_HEADER = YES;
				CLANG_WARN_RANGE_LOOP_ANALYSIS = YES;
				CLANG_WARN_STRICT_PROTOTYPES = YES;
				CLANG_WARN_SUSPICIOUS_MOVE = YES;
				CLANG_WARN_UNGUARDED_AVAILABILITY = YES_AGGRESSIVE;
				CLANG_WARN_UNREACHABLE_CODE = YES;
				CLANG_WARN__DUPLICATE_METHOD_MATCH = YES;
				COPY_PHASE_STRIP = NO;
				DEBUG_INFORMATION_FORMAT = "dwarf-with-dsym";
				ENABLE_NS_ASSERTIONS = NO;
				ENABLE_STRICT_OBJC_MSGSEND = YES;
				GCC_C_LANGUAGE_STANDARD = gnu11;
				GCC_NO_COMMON_BLOCKS = YES;
				GCC_WARN_64_TO_32_BIT_CONVERSION = YES;
				GCC_WARN_ABOUT_RETURN_TYPE = YES_ERROR;
				GCC_WARN_UNDECLARED_SELECTOR = YES;
				GCC_WARN_UNINITIALIZED_AUTOS = YES_AGGRESSIVE;
				GCC_WARN_UNUSED_FUNCTION = YES;
				GCC_WARN_UNUSED_VARIABLE = YES;
				IPHONEOS_DEPLOYMENT_TARGET = 15.0;
				MTL_ENABLE_DEBUG_INFO = NO;
				MTL_FAST_MATH = YES;
				SDKROOT = iphoneos;
				SWIFT_COMPILATION_MODE = wholemodule;
				SWIFT_OPTIMIZATION_LEVEL = "-O";
				VALIDATE_PRODUCT = YES;
			};
			name = Release;
		};
		3DB5D8D8282833EE000170AD /* Debug */ = {
			isa = XCBuildConfiguration;
			buildSettings = {
				ASSETCATALOG_COMPILER_APPICON_NAME = AppIcon;
				ASSETCATALOG_COMPILER_GLOBAL_ACCENT_COLOR_NAME = AccentColor;
				CODE_SIGN_STYLE = Automatic;
				CURRENT_PROJECT_VERSION = 1;
				DEVELOPMENT_TEAM = K5K5C7HFMR;
				GENERATE_INFOPLIST_FILE = YES;
				INFOPLIST_FILE = GitDemo/Info.plist;
				INFOPLIST_KEY_UIApplicationSupportsIndirectInputEvents = YES;
				INFOPLIST_KEY_UILaunchStoryboardName = LaunchScreen;
				INFOPLIST_KEY_UIMainStoryboardFile = Main;
				INFOPLIST_KEY_UISupportedInterfaceOrientations_iPad = "UIInterfaceOrientationPortrait UIInterfaceOrientationPortraitUpsideDown UIInterfaceOrientationLandscapeLeft UIInterfaceOrientationLandscapeRight";
				INFOPLIST_KEY_UISupportedInterfaceOrientations_iPhone = "UIInterfaceOrientationPortrait UIInterfaceOrientationLandscapeLeft UIInterfaceOrientationLandscapeRight";
				LD_RUNPATH_SEARCH_PATHS = (
					"$(inherited)",
					"@executable_path/Frameworks",
				);
				MARKETING_VERSION = 1.0;
				PRODUCT_BUNDLE_IDENTIFIER = com.globant.GitDemo;
				PRODUCT_NAME = "$(TARGET_NAME)";
				SWIFT_EMIT_LOC_STRINGS = YES;
				SWIFT_VERSION = 5.0;
				TARGETED_DEVICE_FAMILY = "1,2";
			};
			name = Debug;
		};
		3DB5D8D9282833EE000170AD /* Release */ = {
			isa = XCBuildConfiguration;
			buildSettings = {
				ASSETCATALOG_COMPILER_APPICON_NAME = AppIcon;
				ASSETCATALOG_COMPILER_GLOBAL_ACCENT_COLOR_NAME = AccentColor;
				CODE_SIGN_STYLE = Automatic;
				CURRENT_PROJECT_VERSION = 1;
				DEVELOPMENT_TEAM = K5K5C7HFMR;
				GENERATE_INFOPLIST_FILE = YES;
				INFOPLIST_FILE = GitDemo/Info.plist;
				INFOPLIST_KEY_UIApplicationSupportsIndirectInputEvents = YES;
				INFOPLIST_KEY_UILaunchStoryboardName = LaunchScreen;
				INFOPLIST_KEY_UIMainStoryboardFile = Main;
				INFOPLIST_KEY_UISupportedInterfaceOrientations_iPad = "UIInterfaceOrientationPortrait UIInterfaceOrientationPortraitUpsideDown UIInterfaceOrientationLandscapeLeft UIInterfaceOrientationLandscapeRight";
				INFOPLIST_KEY_UISupportedInterfaceOrientations_iPhone = "UIInterfaceOrientationPortrait UIInterfaceOrientationLandscapeLeft UIInterfaceOrientationLandscapeRight";
				LD_RUNPATH_SEARCH_PATHS = (
					"$(inherited)",
					"@executable_path/Frameworks",
				);
				MARKETING_VERSION = 1.0;
				PRODUCT_BUNDLE_IDENTIFIER = com.globant.GitDemo;
				PRODUCT_NAME = "$(TARGET_NAME)";
				SWIFT_EMIT_LOC_STRINGS = YES;
				SWIFT_VERSION = 5.0;
				TARGETED_DEVICE_FAMILY = "1,2";
			};
			name = Release;
		};
/* End XCBuildConfiguration section */

/* Begin XCConfigurationList section */
		3DB5D8BE282833ED000170AD /* Build configuration list for PBXProject "GitDemo" */ = {
			isa = XCConfigurationList;
			buildConfigurations = (
				3DB5D8D5282833EE000170AD /* Debug */,
				3DB5D8D6282833EE000170AD /* Release */,
			);
			defaultConfigurationIsVisible = 0;
			defaultConfigurationName = Release;
		};
		3DB5D8D7282833EE000170AD /* Build configuration list for PBXNativeTarget "GitDemo" */ = {
			isa = XCConfigurationList;
			buildConfigurations = (
				3DB5D8D8282833EE000170AD /* Debug */,
				3DB5D8D9282833EE000170AD /* Release */,
			);
			defaultConfigurationIsVisible = 0;
			defaultConfigurationName = Release;
		};
/* End XCConfigurationList section */
	};
	rootObject = 3DB5D8BB282833ED000170AD /* Project object */;
}
